
Microsoft Visual Studio Solution File, Format Version 12.00
# Visual Studio Version 16
VisualStudioVersion = 16.0.29806.167
MinimumVisualStudioVersion = 10.0.40219.1
Project("{FAE04EC0-301F-11D3-BF4B-00C04F79EFBC}") = "COVID19Info.Android", "src\COVID19Info.Android\COVID19Info.Android.csproj", "{0A168C5A-99DD-44BB-82D3-78EA3CD67940}"
EndProject
Project("{FAE04EC0-301F-11D3-BF4B-00C04F79EFBC}") = "COVID19Info.iOS", "src\COVID19Info.iOS\COVID19Info.iOS.csproj", "{40FCD9EC-8DDF-44CB-8EBB-E10B1DEDAA4F}"
EndProject
Project("{9A19103F-16F7-4668-BE54-9A1E7A4F7556}") = "COVID19Info", "src\COVID19Info\COVID19Info.csproj", "{C9B40670-BF22-49C3-AA12-4F28106BD83A}"
EndProject
Project("{2150E333-8FDC-42A3-9474-1A3956D46DE8}") = "Docs", "Docs", "{140E29D4-61AA-47FE-B386-D68BE6BFD0BE}"
	ProjectSection(SolutionItems) = preProject
		README.md = README.md
	EndProjectSection
EndProject
Global
	GlobalSection(SolutionConfigurationPlatforms) = preSolution
		Debug|Any CPU = Debug|Any CPU
		Debug|iPhone = Debug|iPhone
		Debug|iPhoneSimulator = Debug|iPhoneSimulator
		Release|Any CPU = Release|Any CPU
		Release|iPhone = Release|iPhone
		Release|iPhoneSimulator = Release|iPhoneSimulator
	EndGlobalSection
	GlobalSection(ProjectConfigurationPlatforms) = postSolution
		{0A168C5A-99DD-44BB-82D3-78EA3CD67940}.Debug|Any CPU.ActiveCfg = Debug|Any CPU
		{0A168C5A-99DD-44BB-82D3-78EA3CD67940}.Debug|Any CPU.Build.0 = Debug|Any CPU
		{0A168C5A-99DD-44BB-82D3-78EA3CD67940}.Debug|Any CPU.Deploy.0 = Debug|Any CPU
		{0A168C5A-99DD-44BB-82D3-78EA3CD67940}.Debug|iPhone.ActiveCfg = Debug|Any CPU
		{0A168C5A-99DD-44BB-82D3-78EA3CD67940}.Debug|iPhone.Build.0 = Debug|Any CPU
		{0A168C5A-99DD-44BB-82D3-78EA3CD67940}.Debug|iPhone.Deploy.0 = Debug|Any CPU
		{0A168C5A-99DD-44BB-82D3-78EA3CD67940}.Debug|iPhoneSimulator.ActiveCfg = Debug|Any CPU
		{0A168C5A-99DD-44BB-82D3-78EA3CD67940}.Debug|iPhoneSimulator.Build.0 = Debug|Any CPU
		{0A168C5A-99DD-44BB-82D3-78EA3CD67940}.Debug|iPhoneSimulator.Deploy.0 = Debug|Any CPU
		{0A168C5A-99DD-44BB-82D3-78EA3CD67940}.Release|Any CPU.ActiveCfg = Release|Any CPU
		{0A168C5A-99DD-44BB-82D3-78EA3CD67940}.Release|Any CPU.Build.0 = Release|Any CPU
		{0A168C5A-99DD-44BB-82D3-78EA3CD67940}.Release|Any CPU.Deploy.0 = Release|Any CPU
		{0A168C5A-99DD-44BB-82D3-78EA3CD67940}.Release|iPhone.ActiveCfg = Release|Any CPU
		{0A168C5A-99DD-44BB-82D3-78EA3CD67940}.Release|iPhone.Build.0 = Release|Any CPU
		{0A168C5A-99DD-44BB-82D3-78EA3CD67940}.Release|iPhone.Deploy.0 = Release|Any CPU
		{0A168C5A-99DD-44BB-82D3-78EA3CD67940}.Release|iPhoneSimulator.ActiveCfg = Release|Any CPU
		{0A168C5A-99DD-44BB-82D3-78EA3CD67940}.Release|iPhoneSimulator.Build.0 = Release|Any CPU
		{0A168C5A-99DD-44BB-82D3-78EA3CD67940}.Release|iPhoneSimulator.Deploy.0 = Release|Any CPU
		{40FCD9EC-8DDF-44CB-8EBB-E10B1DEDAA4F}.Debug|Any CPU.ActiveCfg = Debug|iPhoneSimulator
		{40FCD9EC-8DDF-44CB-8EBB-E10B1DEDAA4F}.Debug|Any CPU.Build.0 = Debug|iPhoneSimulator
		{40FCD9EC-8DDF-44CB-8EBB-E10B1DEDAA4F}.Debug|Any CPU.Deploy.0 = Debug|iPhoneSimulator
		{40FCD9EC-8DDF-44CB-8EBB-E10B1DEDAA4F}.Debug|iPhone.ActiveCfg = Debug|iPhone
		{40FCD9EC-8DDF-44CB-8EBB-E10B1DEDAA4F}.Debug|iPhone.Build.0 = Debug|iPhone
		{40FCD9EC-8DDF-44CB-8EBB-E10B1DEDAA4F}.Debug|iPhone.Deploy.0 = Debug|iPhone
		{40FCD9EC-8DDF-44CB-8EBB-E10B1DEDAA4F}.Debug|iPhoneSimulator.ActiveCfg = Debug|iPhoneSimulator
		{40FCD9EC-8DDF-44CB-8EBB-E10B1DEDAA4F}.Debug|iPhoneSimulator.Build.0 = Debug|iPhoneSimulator
		{40FCD9EC-8DDF-44CB-8EBB-E10B1DEDAA4F}.Debug|iPhoneSimulator.Deploy.0 = Debug|iPhoneSimulator
		{40FCD9EC-8DDF-44CB-8EBB-E10B1DEDAA4F}.Release|Any CPU.ActiveCfg = Release|iPhone
		{40FCD9EC-8DDF-44CB-8EBB-E10B1DEDAA4F}.Release|Any CPU.Build.0 = Release|iPhone
		{40FCD9EC-8DDF-44CB-8EBB-E10B1DEDAA4F}.Release|Any CPU.Deploy.0 = Release|iPhone
		{40FCD9EC-8DDF-44CB-8EBB-E10B1DEDAA4F}.Release|iPhone.ActiveCfg = Release|iPhone
		{40FCD9EC-8DDF-44CB-8EBB-E10B1DEDAA4F}.Release|iPhone.Build.0 = Release|iPhone
		{40FCD9EC-8DDF-44CB-8EBB-E10B1DEDAA4F}.Release|iPhone.Deploy.0 = Release|iPhone
		{40FCD9EC-8DDF-44CB-8EBB-E10B1DEDAA4F}.Release|iPhoneSimulator.ActiveCfg = Release|iPhoneSimulator
		{40FCD9EC-8DDF-44CB-8EBB-E10B1DEDAA4F}.Release|iPhoneSimulator.Build.0 = Release|iPhoneSimulator
		{40FCD9EC-8DDF-44CB-8EBB-E10B1DEDAA4F}.Release|iPhoneSimulator.Deploy.0 = Release|iPhoneSimulator
		{C9B40670-BF22-49C3-AA12-4F28106BD83A}.Debug|Any CPU.ActiveCfg = Debug|Any CPU
		{C9B40670-BF22-49C3-AA12-4F28106BD83A}.Debug|Any CPU.Build.0 = Debug|Any CPU
		{C9B40670-BF22-49C3-AA12-4F28106BD83A}.Debug|Any CPU.Deploy.0 = Debug|Any CPU
		{C9B40670-BF22-49C3-AA12-4F28106BD83A}.Debug|iPhone.ActiveCfg = Debug|Any CPU
		{C9B40670-BF22-49C3-AA12-4F28106BD83A}.Debug|iPhone.Build.0 = Debug|Any CPU
		{C9B40670-BF22-49C3-AA12-4F28106BD83A}.Debug|iPhone.Deploy.0 = Debug|Any CPU
		{C9B40670-BF22-49C3-AA12-4F28106BD83A}.Debug|iPhoneSimulator.ActiveCfg = Debug|Any CPU
		{C9B40670-BF22-49C3-AA12-4F28106BD83A}.Debug|iPhoneSimulator.Build.0 = Debug|Any CPU
		{C9B40670-BF22-49C3-AA12-4F28106BD83A}.Debug|iPhoneSimulator.Deploy.0 = Debug|Any CPU
		{C9B40670-BF22-49C3-AA12-4F28106BD83A}.Release|Any CPU.ActiveCfg = Release|Any CPU
		{C9B40670-BF22-49C3-AA12-4F28106BD83A}.Release|Any CPU.Build.0 = Release|Any CPU
		{C9B40670-BF22-49C3-AA12-4F28106BD83A}.Release|Any CPU.Deploy.0 = Release|Any CPU
		{C9B40670-BF22-49C3-AA12-4F28106BD83A}.Release|iPhone.ActiveCfg = Release|Any CPU
		{C9B40670-BF22-49C3-AA12-4F28106BD83A}.Release|iPhone.Build.0 = Release|Any CPU
		{C9B40670-BF22-49C3-AA12-4F28106BD83A}.Release|iPhone.Deploy.0 = Release|Any CPU
		{C9B40670-BF22-49C3-AA12-4F28106BD83A}.Release|iPhoneSimulator.ActiveCfg = Release|Any CPU
		{C9B40670-BF22-49C3-AA12-4F28106BD83A}.Release|iPhoneSimulator.Build.0 = Release|Any CPU
		{C9B40670-BF22-49C3-AA12-4F28106BD83A}.Release|iPhoneSimulator.Deploy.0 = Release|Any CPU
	EndGlobalSection
	GlobalSection(SolutionProperties) = preSolution
		HideSolutionNode = FALSE
	EndGlobalSection
	GlobalSection(ExtensibilityGlobals) = postSolution
		SolutionGuid = {F186FAC1-9160-427D-A6D0-1DAD27E68624}
	EndGlobalSection
EndGlobal
